
Microsoft Visual Studio Solution File, Format Version 12.00
# Visual Studio Version 16
VisualStudioVersion = 16.0.31515.178
MinimumVisualStudioVersion = 10.0.40219.1
Project("{FAE04EC0-301F-11D3-BF4B-00C04F79EFBC}") = "RequisicoesWeb", "RequisicoesWeb.csproj", "{6A60CD98-7686-450F-8206-EF0EEE9E1B8F}"
EndProject
Global
	GlobalSection(SolutionConfigurationPlatforms) = preSolution
		Debug|Any CPU = Debug|Any CPU
		Release|Any CPU = Release|Any CPU
	EndGlobalSection
	GlobalSection(ProjectConfigurationPlatforms) = postSolution
		{6A60CD98-7686-450F-8206-EF0EEE9E1B8F}.Debug|Any CPU.ActiveCfg = Debug|Any CPU
		{6A60CD98-7686-450F-8206-EF0EEE9E1B8F}.Debug|Any CPU.Build.0 = Debug|Any CPU
		{6A60CD98-7686-450F-8206-EF0EEE9E1B8F}.Release|Any CPU.ActiveCfg = Release|Any CPU
		{6A60CD98-7686-450F-8206-EF0EEE9E1B8F}.Release|Any CPU.Build.0 = Release|Any CPU
	EndGlobalSection
	GlobalSection(SolutionProperties) = preSolution
		HideSolutionNode = FALSE
	EndGlobalSection
	GlobalSection(ExtensibilityGlobals) = postSolution
		SolutionGuid = {904ABDB5-7A25-4700-812A-006F8E75B0F1}
	EndGlobalSection
EndGlobal
